
Microsoft Visual Studio Solution File, Format Version 12.00
# Visual Studio 15
VisualStudioVersion = 15.0.27428.2037
MinimumVisualStudioVersion = 10.0.40219.1
Project("{00D1A9C2-B5F0-4AF3-8072-F6C62B433612}") = "Swinny VET Service", "Swinny VET Service\Swinny VET Service.sqlproj", "{62E6E507-362F-4184-8477-5B285DFEE138}"
EndProject
Global
	GlobalSection(SolutionConfigurationPlatforms) = preSolution
		Debug|Any CPU = Debug|Any CPU
		Release|Any CPU = Release|Any CPU
	EndGlobalSection
	GlobalSection(ProjectConfigurationPlatforms) = postSolution
		{62E6E507-362F-4184-8477-5B285DFEE138}.Debug|Any CPU.ActiveCfg = Debug|Any CPU
		{62E6E507-362F-4184-8477-5B285DFEE138}.Debug|Any CPU.Build.0 = Debug|Any CPU
		{62E6E507-362F-4184-8477-5B285DFEE138}.Debug|Any CPU.Deploy.0 = Debug|Any CPU
		{62E6E507-362F-4184-8477-5B285DFEE138}.Release|Any CPU.ActiveCfg = Release|Any CPU
		{62E6E507-362F-4184-8477-5B285DFEE138}.Release|Any CPU.Build.0 = Release|Any CPU
		{62E6E507-362F-4184-8477-5B285DFEE138}.Release|Any CPU.Deploy.0 = Release|Any CPU
	EndGlobalSection
	GlobalSection(SolutionProperties) = preSolution
		HideSolutionNode = FALSE
	EndGlobalSection
	GlobalSection(ExtensibilityGlobals) = postSolution
		SolutionGuid = {FF48ED11-8177-43EA-9088-DD1916972B25}
	EndGlobalSection
EndGlobal
